
Microsoft Visual Studio Solution File, Format Version 12.00
# Visual Studio Version 16
VisualStudioVersion = 16.0.28803.202
MinimumVisualStudioVersion = 10.0.40219.1
Project("{FAE04EC0-301F-11D3-BF4B-00C04F79EFBC}") = "ArekAVLTree", "ArekAVLTree\ArekAVLTree.csproj", "{47D52726-93B2-49C3-B7E7-F0D4E80B95B9}"
EndProject
Global
	GlobalSection(SolutionConfigurationPlatforms) = preSolution
		Debug|Any CPU = Debug|Any CPU
		Release|Any CPU = Release|Any CPU
	EndGlobalSection
	GlobalSection(ProjectConfigurationPlatforms) = postSolution
		{47D52726-93B2-49C3-B7E7-F0D4E80B95B9}.Debug|Any CPU.ActiveCfg = Debug|Any CPU
		{47D52726-93B2-49C3-B7E7-F0D4E80B95B9}.Debug|Any CPU.Build.0 = Debug|Any CPU
		{47D52726-93B2-49C3-B7E7-F0D4E80B95B9}.Release|Any CPU.ActiveCfg = Release|Any CPU
		{47D52726-93B2-49C3-B7E7-F0D4E80B95B9}.Release|Any CPU.Build.0 = Release|Any CPU
	EndGlobalSection
	GlobalSection(SolutionProperties) = preSolution
		HideSolutionNode = FALSE
	EndGlobalSection
	GlobalSection(ExtensibilityGlobals) = postSolution
		SolutionGuid = {ECD78291-3A51-437A-8FC4-F3B825B427DE}
	EndGlobalSection
EndGlobal
