
Microsoft Visual Studio Solution File, Format Version 12.00
# Visual Studio 15
VisualStudioVersion = 15.0.27130.2010
MinimumVisualStudioVersion = 10.0.40219.1
Project("{FAE04EC0-301F-11D3-BF4B-00C04F79EFBC}") = "ArekSinglyLinkedList", "ArekSinglyLinkedList\ArekSinglyLinkedList.csproj", "{B9AC48A9-B14C-452C-8C78-459D0E30961B}"
EndProject
Project("{FAE04EC0-301F-11D3-BF4B-00C04F79EFBC}") = "ArekSinglyLinkedListTests", "ArekSinglyLinkedListTests\ArekSinglyLinkedListTests.csproj", "{9BA3AB59-E355-44E1-9D48-8C894A380EA2}"
EndProject
Global
	GlobalSection(SolutionConfigurationPlatforms) = preSolution
		Debug|Any CPU = Debug|Any CPU
		Release|Any CPU = Release|Any CPU
	EndGlobalSection
	GlobalSection(ProjectConfigurationPlatforms) = postSolution
		{B9AC48A9-B14C-452C-8C78-459D0E30961B}.Debug|Any CPU.ActiveCfg = Debug|Any CPU
		{B9AC48A9-B14C-452C-8C78-459D0E30961B}.Debug|Any CPU.Build.0 = Debug|Any CPU
		{B9AC48A9-B14C-452C-8C78-459D0E30961B}.Release|Any CPU.ActiveCfg = Release|Any CPU
		{B9AC48A9-B14C-452C-8C78-459D0E30961B}.Release|Any CPU.Build.0 = Release|Any CPU
		{9BA3AB59-E355-44E1-9D48-8C894A380EA2}.Debug|Any CPU.ActiveCfg = Debug|Any CPU
		{9BA3AB59-E355-44E1-9D48-8C894A380EA2}.Debug|Any CPU.Build.0 = Debug|Any CPU
		{9BA3AB59-E355-44E1-9D48-8C894A380EA2}.Release|Any CPU.ActiveCfg = Release|Any CPU
		{9BA3AB59-E355-44E1-9D48-8C894A380EA2}.Release|Any CPU.Build.0 = Release|Any CPU
	EndGlobalSection
	GlobalSection(SolutionProperties) = preSolution
		HideSolutionNode = FALSE
	EndGlobalSection
	GlobalSection(ExtensibilityGlobals) = postSolution
		SolutionGuid = {10D6D37A-07E9-416C-B7E1-4E90C7576B83}
	EndGlobalSection
EndGlobal
