
Microsoft Visual Studio Solution File, Format Version 12.00
# Visual Studio 15
VisualStudioVersion = 15.0.28010.2046
MinimumVisualStudioVersion = 10.0.40219.1
Project("{FAE04EC0-301F-11D3-BF4B-00C04F79EFBC}") = "ArekSorting", "ArekSorting\ArekSorting.csproj", "{B83B9D59-B204-469E-AAC6-A1194260B977}"
EndProject
Project("{FAE04EC0-301F-11D3-BF4B-00C04F79EFBC}") = "SortingTests", "SortingTests\SortingTests.csproj", "{F430848E-B0C9-42CC-AA21-CE1B1B34CCF4}"
EndProject
Global
	GlobalSection(SolutionConfigurationPlatforms) = preSolution
		Debug|Any CPU = Debug|Any CPU
		Release|Any CPU = Release|Any CPU
	EndGlobalSection
	GlobalSection(ProjectConfigurationPlatforms) = postSolution
		{B83B9D59-B204-469E-AAC6-A1194260B977}.Debug|Any CPU.ActiveCfg = Debug|Any CPU
		{B83B9D59-B204-469E-AAC6-A1194260B977}.Debug|Any CPU.Build.0 = Debug|Any CPU
		{B83B9D59-B204-469E-AAC6-A1194260B977}.Release|Any CPU.ActiveCfg = Release|Any CPU
		{B83B9D59-B204-469E-AAC6-A1194260B977}.Release|Any CPU.Build.0 = Release|Any CPU
		{F430848E-B0C9-42CC-AA21-CE1B1B34CCF4}.Debug|Any CPU.ActiveCfg = Debug|Any CPU
		{F430848E-B0C9-42CC-AA21-CE1B1B34CCF4}.Debug|Any CPU.Build.0 = Debug|Any CPU
		{F430848E-B0C9-42CC-AA21-CE1B1B34CCF4}.Release|Any CPU.ActiveCfg = Release|Any CPU
		{F430848E-B0C9-42CC-AA21-CE1B1B34CCF4}.Release|Any CPU.Build.0 = Release|Any CPU
	EndGlobalSection
	GlobalSection(SolutionProperties) = preSolution
		HideSolutionNode = FALSE
	EndGlobalSection
	GlobalSection(ExtensibilityGlobals) = postSolution
		SolutionGuid = {508F04EA-4ADC-4F8B-AE26-AAB3F1367A4A}
	EndGlobalSection
EndGlobal
