
Microsoft Visual Studio Solution File, Format Version 12.00
# Visual Studio 15
VisualStudioVersion = 15.0.28010.2046
MinimumVisualStudioVersion = 10.0.40219.1
Project("{FAE04EC0-301F-11D3-BF4B-00C04F79EFBC}") = "ArekCircularlyLinkedList", "ArekDoublyLinkedList\ArekCircularlyLinkedList.csproj", "{77974E0B-DA24-43F8-99D7-B0D5EE6511FC}"
EndProject
Project("{9A19103F-16F7-4668-BE54-9A1E7A4F7556}") = "CircularlyLinkedListUnitTest", "CircularlyLinkedListUnitTest\CircularlyLinkedListUnitTest.csproj", "{093FD481-897D-4922-BC5A-3CF42D36DA99}"
EndProject
Global
	GlobalSection(SolutionConfigurationPlatforms) = preSolution
		Debug|Any CPU = Debug|Any CPU
		Release|Any CPU = Release|Any CPU
	EndGlobalSection
	GlobalSection(ProjectConfigurationPlatforms) = postSolution
		{77974E0B-DA24-43F8-99D7-B0D5EE6511FC}.Debug|Any CPU.ActiveCfg = Debug|Any CPU
		{77974E0B-DA24-43F8-99D7-B0D5EE6511FC}.Debug|Any CPU.Build.0 = Debug|Any CPU
		{77974E0B-DA24-43F8-99D7-B0D5EE6511FC}.Release|Any CPU.ActiveCfg = Release|Any CPU
		{77974E0B-DA24-43F8-99D7-B0D5EE6511FC}.Release|Any CPU.Build.0 = Release|Any CPU
		{093FD481-897D-4922-BC5A-3CF42D36DA99}.Debug|Any CPU.ActiveCfg = Debug|Any CPU
		{093FD481-897D-4922-BC5A-3CF42D36DA99}.Debug|Any CPU.Build.0 = Debug|Any CPU
		{093FD481-897D-4922-BC5A-3CF42D36DA99}.Release|Any CPU.ActiveCfg = Release|Any CPU
		{093FD481-897D-4922-BC5A-3CF42D36DA99}.Release|Any CPU.Build.0 = Release|Any CPU
	EndGlobalSection
	GlobalSection(SolutionProperties) = preSolution
		HideSolutionNode = FALSE
	EndGlobalSection
	GlobalSection(ExtensibilityGlobals) = postSolution
		SolutionGuid = {A5A18CE8-23A8-436B-9582-662079FEDFEC}
	EndGlobalSection
EndGlobal
