
Microsoft Visual Studio Solution File, Format Version 12.00
# Visual Studio 15
VisualStudioVersion = 15.0.28010.2046
MinimumVisualStudioVersion = 10.0.40219.1
Project("{FAE04EC0-301F-11D3-BF4B-00C04F79EFBC}") = "ArekQueue", "ArekQueue\ArekQueue.csproj", "{376AD0D7-4790-4E80-A420-803169AFDE79}"
EndProject
Global
	GlobalSection(SolutionConfigurationPlatforms) = preSolution
		Debug|Any CPU = Debug|Any CPU
		Release|Any CPU = Release|Any CPU
	EndGlobalSection
	GlobalSection(ProjectConfigurationPlatforms) = postSolution
		{376AD0D7-4790-4E80-A420-803169AFDE79}.Debug|Any CPU.ActiveCfg = Debug|Any CPU
		{376AD0D7-4790-4E80-A420-803169AFDE79}.Debug|Any CPU.Build.0 = Debug|Any CPU
		{376AD0D7-4790-4E80-A420-803169AFDE79}.Release|Any CPU.ActiveCfg = Release|Any CPU
		{376AD0D7-4790-4E80-A420-803169AFDE79}.Release|Any CPU.Build.0 = Release|Any CPU
	EndGlobalSection
	GlobalSection(SolutionProperties) = preSolution
		HideSolutionNode = FALSE
	EndGlobalSection
	GlobalSection(ExtensibilityGlobals) = postSolution
		SolutionGuid = {5E5756C6-18B1-4440-94EB-A56561696598}
	EndGlobalSection
EndGlobal
